
Microsoft Visual Studio Solution File, Format Version 12.00
# Visual Studio Version 17
VisualStudioVersion = 17.3.32825.248
MinimumVisualStudioVersion = 10.0.40219.1
Project("{FAE04EC0-301F-11D3-BF4B-00C04F79EFBC}") = "tasks_03", "tasks_03\tasks_03.csproj", "{4F86A5C1-117D-40D8-A6F9-35637A6D1983}"
EndProject
Global
	GlobalSection(SolutionConfigurationPlatforms) = preSolution
		Debug|Any CPU = Debug|Any CPU
		Release|Any CPU = Release|Any CPU
	EndGlobalSection
	GlobalSection(ProjectConfigurationPlatforms) = postSolution
		{4F86A5C1-117D-40D8-A6F9-35637A6D1983}.Debug|Any CPU.ActiveCfg = Debug|Any CPU
		{4F86A5C1-117D-40D8-A6F9-35637A6D1983}.Debug|Any CPU.Build.0 = Debug|Any CPU
		{4F86A5C1-117D-40D8-A6F9-35637A6D1983}.Release|Any CPU.ActiveCfg = Release|Any CPU
		{4F86A5C1-117D-40D8-A6F9-35637A6D1983}.Release|Any CPU.Build.0 = Release|Any CPU
	EndGlobalSection
	GlobalSection(SolutionProperties) = preSolution
		HideSolutionNode = FALSE
	EndGlobalSection
	GlobalSection(ExtensibilityGlobals) = postSolution
		SolutionGuid = {DDD52655-D460-4CE1-8469-B1B039C17B74}
	EndGlobalSection
EndGlobal
